{
  "name": "rayhit-three",
  "version": "0.1.0",
  "lockfileVersion": 3,
  "requires": true,
  "packages": {
    "": {
      "name": "rayhit-three",
      "version": "0.1.0",
      "license": "MIT",
      "dependencies": {
        "@dimforge/rapier3d-compat": "^0.19.3"
      },
      "peerDependencies": {
        "three": "^0.185.0"
      },
      "peerDependenciesMeta": {
        "three": {
          "optional": false
        }
      }
    },
    "node_modules/@dimforge/rapier3d-compat": {
      "version": "0.19.3",
      "resolved": "https://registry.npmjs.org/@dimforge/rapier3d-compat/-/rapier3d-compat-0.19.3.tgz",
      "integrity": "sha512-mMVdSj1PRTT108s9Swbu2GQOmHbn8kbJANRV5xfczL3s0T4vkgZAuoMRgvBzQcHanpKusbC0ZJj6z3mC3aj3vg==",
      "license": "Apache-2.0"
    },
    "node_modules/three": {
      "version": "0.185.0",
      "resolved": "https://registry.npmjs.org/three/-/three-0.185.0.tgz",
      "integrity": "sha512-+yRrcRO2iZa8uzvNNl0d7cL4huhgKgBvVJ0njcTe8xFqZ6DMAFZdCKDP91SEAuj25bNAj7k1QQdf+srZywVK6w==",
      "license": "MIT",
      "peer": true
    }
  }
}
